
Microsoft Visual Studio Solution File, Format Version 11.00
# Visual Studio 2010
Project("{FAE04EC0-301F-11D3-BF4B-00C04F79EFBC}") = "UdsoAugmentedFiniteAutomaton", "UdsoAugmentedFiniteAutomaton\UdsoAugmentedFiniteAutomaton.csproj", "{EDFC4F98-A292-4953-918C-5431E5D30B0A}"
EndProject
Project("{FAE04EC0-301F-11D3-BF4B-00C04F79EFBC}") = "UdsoPatternDetector", "UdsoPatternDetector\UdsoPatternDetector.csproj", "{52BA7281-611A-48FD-B25A-55A57B07DDD9}"
EndProject
Project("{2150E333-8FDC-42A3-9474-1A3956D46DE8}") = "Solution Items", "Solution Items", "{55715000-7327-4BB0-BE9C-82C3F416773F}"
	ProjectSection(SolutionItems) = preProject
		AFAexample.pptx = AFAexample.pptx
		LICENSE.txt = LICENSE.txt
		README.txt = README.txt
	EndProjectSection
EndProject
Project("{FAE04EC0-301F-11D3-BF4B-00C04F79EFBC}") = "SimpleTextFileReader", "SimpleTextFileReader\SimpleTextFileReader.csproj", "{F889F288-1CAA-4DDA-B575-D481B7C96786}"
EndProject
Project("{FAE04EC0-301F-11D3-BF4B-00C04F79EFBC}") = "SimpleTextFileWriter", "SimpleTextFileWriter\SimpleTextFileWriter.csproj", "{D1C11F6A-F490-45F0-8863-AE8E0577F88F}"
EndProject
Global
	GlobalSection(TeamFoundationVersionControl) = preSolution
		SccNumberOfProjects = 5
		SccEnterpriseProvider = {4CA58AB2-18FA-4F8D-95D4-32DDF27D184C}
		SccTeamFoundationServer = https://tfs.codeplex.com/tfs/tfs07
		SccLocalPath0 = .
		SccProjectUniqueName1 = SimpleTextFileReader\\SimpleTextFileReader.csproj
		SccProjectName1 = SimpleTextFileReader
		SccLocalPath1 = SimpleTextFileReader
		SccProjectUniqueName2 = SimpleTextFileWriter\\SimpleTextFileWriter.csproj
		SccProjectName2 = SimpleTextFileWriter
		SccLocalPath2 = SimpleTextFileWriter
		SccProjectUniqueName3 = UdsoAugmentedFiniteAutomaton\\UdsoAugmentedFiniteAutomaton.csproj
		SccProjectName3 = UdsoAugmentedFiniteAutomaton
		SccLocalPath3 = UdsoAugmentedFiniteAutomaton
		SccProjectUniqueName4 = UdsoPatternDetector\\UdsoPatternDetector.csproj
		SccProjectName4 = UdsoPatternDetector
		SccLocalPath4 = UdsoPatternDetector
	EndGlobalSection
	GlobalSection(SolutionConfigurationPlatforms) = preSolution
		Debug|Any CPU = Debug|Any CPU
		Debug|Mixed Platforms = Debug|Mixed Platforms
		Debug|x64 = Debug|x64
		Debug|x86 = Debug|x86
		Release|Any CPU = Release|Any CPU
		Release|Mixed Platforms = Release|Mixed Platforms
		Release|x64 = Release|x64
		Release|x86 = Release|x86
	EndGlobalSection
	GlobalSection(ProjectConfigurationPlatforms) = postSolution
		{EDFC4F98-A292-4953-918C-5431E5D30B0A}.Debug|Any CPU.ActiveCfg = Debug|Any CPU
		{EDFC4F98-A292-4953-918C-5431E5D30B0A}.Debug|Any CPU.Build.0 = Debug|Any CPU
		{EDFC4F98-A292-4953-918C-5431E5D30B0A}.Debug|Mixed Platforms.ActiveCfg = Debug|Any CPU
		{EDFC4F98-A292-4953-918C-5431E5D30B0A}.Debug|Mixed Platforms.Build.0 = Debug|Any CPU
		{EDFC4F98-A292-4953-918C-5431E5D30B0A}.Debug|x64.ActiveCfg = Debug|Any CPU
		{EDFC4F98-A292-4953-918C-5431E5D30B0A}.Debug|x86.ActiveCfg = Debug|Any CPU
		{EDFC4F98-A292-4953-918C-5431E5D30B0A}.Release|Any CPU.ActiveCfg = Release|Any CPU
		{EDFC4F98-A292-4953-918C-5431E5D30B0A}.Release|Mixed Platforms.ActiveCfg = Release|Any CPU
		{EDFC4F98-A292-4953-918C-5431E5D30B0A}.Release|Mixed Platforms.Build.0 = Release|Any CPU
		{EDFC4F98-A292-4953-918C-5431E5D30B0A}.Release|x64.ActiveCfg = Release|Any CPU
		{EDFC4F98-A292-4953-918C-5431E5D30B0A}.Release|x86.ActiveCfg = Release|Any CPU
		{52BA7281-611A-48FD-B25A-55A57B07DDD9}.Debug|Any CPU.ActiveCfg = Debug|Any CPU
		{52BA7281-611A-48FD-B25A-55A57B07DDD9}.Debug|Any CPU.Build.0 = Debug|Any CPU
		{52BA7281-611A-48FD-B25A-55A57B07DDD9}.Debug|Mixed Platforms.ActiveCfg = Debug|Any CPU
		{52BA7281-611A-48FD-B25A-55A57B07DDD9}.Debug|Mixed Platforms.Build.0 = Debug|Any CPU
		{52BA7281-611A-48FD-B25A-55A57B07DDD9}.Debug|x64.ActiveCfg = Debug|Any CPU
		{52BA7281-611A-48FD-B25A-55A57B07DDD9}.Debug|x86.ActiveCfg = Debug|Any CPU
		{52BA7281-611A-48FD-B25A-55A57B07DDD9}.Release|Any CPU.ActiveCfg = Release|Any CPU
		{52BA7281-611A-48FD-B25A-55A57B07DDD9}.Release|Mixed Platforms.ActiveCfg = Release|Any CPU
		{52BA7281-611A-48FD-B25A-55A57B07DDD9}.Release|Mixed Platforms.Build.0 = Release|Any CPU
		{52BA7281-611A-48FD-B25A-55A57B07DDD9}.Release|x64.ActiveCfg = Release|Any CPU
		{52BA7281-611A-48FD-B25A-55A57B07DDD9}.Release|x86.ActiveCfg = Release|Any CPU
		{F889F288-1CAA-4DDA-B575-D481B7C96786}.Debug|Any CPU.ActiveCfg = Debug|Any CPU
		{F889F288-1CAA-4DDA-B575-D481B7C96786}.Debug|Any CPU.Build.0 = Debug|Any CPU
		{F889F288-1CAA-4DDA-B575-D481B7C96786}.Debug|Mixed Platforms.ActiveCfg = Debug|Any CPU
		{F889F288-1CAA-4DDA-B575-D481B7C96786}.Debug|Mixed Platforms.Build.0 = Debug|Any CPU
		{F889F288-1CAA-4DDA-B575-D481B7C96786}.Debug|x64.ActiveCfg = Debug|Any CPU
		{F889F288-1CAA-4DDA-B575-D481B7C96786}.Debug|x86.ActiveCfg = Debug|Any CPU
		{F889F288-1CAA-4DDA-B575-D481B7C96786}.Release|Any CPU.ActiveCfg = Release|Any CPU
		{F889F288-1CAA-4DDA-B575-D481B7C96786}.Release|Mixed Platforms.ActiveCfg = Release|Any CPU
		{F889F288-1CAA-4DDA-B575-D481B7C96786}.Release|Mixed Platforms.Build.0 = Release|Any CPU
		{F889F288-1CAA-4DDA-B575-D481B7C96786}.Release|x64.ActiveCfg = Release|Any CPU
		{F889F288-1CAA-4DDA-B575-D481B7C96786}.Release|x86.ActiveCfg = Release|Any CPU
		{D1C11F6A-F490-45F0-8863-AE8E0577F88F}.Debug|Any CPU.ActiveCfg = Debug|Any CPU
		{D1C11F6A-F490-45F0-8863-AE8E0577F88F}.Debug|Any CPU.Build.0 = Debug|Any CPU
		{D1C11F6A-F490-45F0-8863-AE8E0577F88F}.Debug|Mixed Platforms.ActiveCfg = Debug|Any CPU
		{D1C11F6A-F490-45F0-8863-AE8E0577F88F}.Debug|Mixed Platforms.Build.0 = Debug|Any CPU
		{D1C11F6A-F490-45F0-8863-AE8E0577F88F}.Debug|x64.ActiveCfg = Debug|Any CPU
		{D1C11F6A-F490-45F0-8863-AE8E0577F88F}.Debug|x86.ActiveCfg = Debug|Any CPU
		{D1C11F6A-F490-45F0-8863-AE8E0577F88F}.Release|Any CPU.ActiveCfg = Release|Any CPU
		{D1C11F6A-F490-45F0-8863-AE8E0577F88F}.Release|Mixed Platforms.ActiveCfg = Release|Any CPU
		{D1C11F6A-F490-45F0-8863-AE8E0577F88F}.Release|Mixed Platforms.Build.0 = Release|Any CPU
		{D1C11F6A-F490-45F0-8863-AE8E0577F88F}.Release|x64.ActiveCfg = Release|Any CPU
		{D1C11F6A-F490-45F0-8863-AE8E0577F88F}.Release|x86.ActiveCfg = Release|Any CPU
	EndGlobalSection
	GlobalSection(SolutionProperties) = preSolution
		HideSolutionNode = FALSE
	EndGlobalSection
EndGlobal
