
Microsoft Visual Studio Solution File, Format Version 12.00
# Visual Studio 15
VisualStudioVersion = 15.0.27130.2010
MinimumVisualStudioVersion = 10.0.40219.1
Project("{FAE04EC0-301F-11D3-BF4B-00C04F79EFBC}") = "Crimes", "Crimes\Crimes.csproj", "{59A25CAC-E6CA-4B3B-BFA5-6383BC043405}"
EndProject
Project("{FAE04EC0-301F-11D3-BF4B-00C04F79EFBC}") = "OutputAdapter", "OutputAdapter\OutputAdapter.csproj", "{21A4FC13-E4EB-4610-9AD9-DACFD4797727}"
EndProject
Project("{FAE04EC0-301F-11D3-BF4B-00C04F79EFBC}") = "Utils", "Utils\Utils.csproj", "{004DF514-E6E1-4365-8C4D-CCD61FCA37A5}"
EndProject
Project("{FAE04EC0-301F-11D3-BF4B-00C04F79EFBC}") = "Model", "Model\Model.csproj", "{111E301A-534B-475C-9628-D76A43AD0DA2}"
EndProject
Global
	GlobalSection(SolutionConfigurationPlatforms) = preSolution
		Debug|Any CPU = Debug|Any CPU
		Release|Any CPU = Release|Any CPU
	EndGlobalSection
	GlobalSection(ProjectConfigurationPlatforms) = postSolution
		{59A25CAC-E6CA-4B3B-BFA5-6383BC043405}.Debug|Any CPU.ActiveCfg = Debug|Any CPU
		{59A25CAC-E6CA-4B3B-BFA5-6383BC043405}.Debug|Any CPU.Build.0 = Debug|Any CPU
		{59A25CAC-E6CA-4B3B-BFA5-6383BC043405}.Release|Any CPU.ActiveCfg = Release|Any CPU
		{59A25CAC-E6CA-4B3B-BFA5-6383BC043405}.Release|Any CPU.Build.0 = Release|Any CPU
		{21A4FC13-E4EB-4610-9AD9-DACFD4797727}.Debug|Any CPU.ActiveCfg = Debug|Any CPU
		{21A4FC13-E4EB-4610-9AD9-DACFD4797727}.Debug|Any CPU.Build.0 = Debug|Any CPU
		{21A4FC13-E4EB-4610-9AD9-DACFD4797727}.Release|Any CPU.ActiveCfg = Release|Any CPU
		{21A4FC13-E4EB-4610-9AD9-DACFD4797727}.Release|Any CPU.Build.0 = Release|Any CPU
		{004DF514-E6E1-4365-8C4D-CCD61FCA37A5}.Debug|Any CPU.ActiveCfg = Debug|Any CPU
		{004DF514-E6E1-4365-8C4D-CCD61FCA37A5}.Debug|Any CPU.Build.0 = Debug|Any CPU
		{004DF514-E6E1-4365-8C4D-CCD61FCA37A5}.Release|Any CPU.ActiveCfg = Release|Any CPU
		{004DF514-E6E1-4365-8C4D-CCD61FCA37A5}.Release|Any CPU.Build.0 = Release|Any CPU
		{111E301A-534B-475C-9628-D76A43AD0DA2}.Debug|Any CPU.ActiveCfg = Debug|Any CPU
		{111E301A-534B-475C-9628-D76A43AD0DA2}.Debug|Any CPU.Build.0 = Debug|Any CPU
		{111E301A-534B-475C-9628-D76A43AD0DA2}.Release|Any CPU.ActiveCfg = Release|Any CPU
		{111E301A-534B-475C-9628-D76A43AD0DA2}.Release|Any CPU.Build.0 = Release|Any CPU
	EndGlobalSection
	GlobalSection(SolutionProperties) = preSolution
		HideSolutionNode = FALSE
	EndGlobalSection
	GlobalSection(ExtensibilityGlobals) = postSolution
		SolutionGuid = {AA7A8FE2-8C0A-480C-8B9F-FFE832D89B4C}
	EndGlobalSection
EndGlobal
